
Microsoft Visual Studio Solution File, Format Version 12.00
# Visual Studio Version 17
VisualStudioVersion = 17.13.35818.85 d17.13
MinimumVisualStudioVersion = 10.0.40219.1
Project("{FAE04EC0-301F-11D3-BF4B-00C04F79EFBC}") = "LAB_!_PROJ_1", "LAB_!_PROJ_1\LAB_!_PROJ_1.csproj", "{2A48260D-4118-4FF2-BF9E-877632DDE932}"
EndProject
Global
	GlobalSection(SolutionConfigurationPlatforms) = preSolution
		Debug|Any CPU = Debug|Any CPU
		Release|Any CPU = Release|Any CPU
	EndGlobalSection
	GlobalSection(ProjectConfigurationPlatforms) = postSolution
		{2A48260D-4118-4FF2-BF9E-877632DDE932}.Debug|Any CPU.ActiveCfg = Debug|Any CPU
		{2A48260D-4118-4FF2-BF9E-877632DDE932}.Debug|Any CPU.Build.0 = Debug|Any CPU
		{2A48260D-4118-4FF2-BF9E-877632DDE932}.Release|Any CPU.ActiveCfg = Release|Any CPU
		{2A48260D-4118-4FF2-BF9E-877632DDE932}.Release|Any CPU.Build.0 = Release|Any CPU
	EndGlobalSection
	GlobalSection(SolutionProperties) = preSolution
		HideSolutionNode = FALSE
	EndGlobalSection
	GlobalSection(ExtensibilityGlobals) = postSolution
		SolutionGuid = {68B22D6F-D4AA-4E94-99C4-9E55F4920E6F}
	EndGlobalSection
EndGlobal
